
Microsoft Visual Studio Solution File, Format Version 12.00
# Visual Studio Version 16
VisualStudioVersion = 16.0.30621.155
MinimumVisualStudioVersion = 10.0.40219.1
Project("{FAE04EC0-301F-11D3-BF4B-00C04F79EFBC}") = "ProductView", "ProductView\ProductView.csproj", "{12372A48-0459-4304-9866-17A20A21DD4D}"
EndProject
Project("{FAE04EC0-301F-11D3-BF4B-00C04F79EFBC}") = "ProductViewTests", "ProductViewTests\ProductViewTests.csproj", "{A6D466F3-63B7-4107-B465-EF7AEAF28385}"
EndProject
Global
	GlobalSection(SolutionConfigurationPlatforms) = preSolution
		Debug|Any CPU = Debug|Any CPU
		Release|Any CPU = Release|Any CPU
	EndGlobalSection
	GlobalSection(ProjectConfigurationPlatforms) = postSolution
		{12372A48-0459-4304-9866-17A20A21DD4D}.Debug|Any CPU.ActiveCfg = Debug|Any CPU
		{12372A48-0459-4304-9866-17A20A21DD4D}.Debug|Any CPU.Build.0 = Debug|Any CPU
		{12372A48-0459-4304-9866-17A20A21DD4D}.Release|Any CPU.ActiveCfg = Release|Any CPU
		{12372A48-0459-4304-9866-17A20A21DD4D}.Release|Any CPU.Build.0 = Release|Any CPU
		{A6D466F3-63B7-4107-B465-EF7AEAF28385}.Debug|Any CPU.ActiveCfg = Debug|Any CPU
		{A6D466F3-63B7-4107-B465-EF7AEAF28385}.Debug|Any CPU.Build.0 = Debug|Any CPU
		{A6D466F3-63B7-4107-B465-EF7AEAF28385}.Release|Any CPU.ActiveCfg = Release|Any CPU
		{A6D466F3-63B7-4107-B465-EF7AEAF28385}.Release|Any CPU.Build.0 = Release|Any CPU
	EndGlobalSection
	GlobalSection(SolutionProperties) = preSolution
		HideSolutionNode = FALSE
	EndGlobalSection
	GlobalSection(ExtensibilityGlobals) = postSolution
		SolutionGuid = {32D28DAD-25C9-433E-A29F-219BE6F4D28E}
	EndGlobalSection
EndGlobal
